
Microsoft Visual Studio Solution File, Format Version 12.00
# Visual Studio Version 17
VisualStudioVersion = 17.11.35208.52
MinimumVisualStudioVersion = 10.0.40219.1
Project("{FAE04EC0-301F-11D3-BF4B-00C04F79EFBC}") = "Estacion_de_Servicio", "Estacion_de_Servicio\Estacion_de_Servicio.csproj", "{63D18DEB-F0EB-43AD-B107-4B8258CBC034}"
EndProject
Global
	GlobalSection(SolutionConfigurationPlatforms) = preSolution
		Debug|Any CPU = Debug|Any CPU
		Release|Any CPU = Release|Any CPU
	EndGlobalSection
	GlobalSection(ProjectConfigurationPlatforms) = postSolution
		{63D18DEB-F0EB-43AD-B107-4B8258CBC034}.Debug|Any CPU.ActiveCfg = Debug|Any CPU
		{63D18DEB-F0EB-43AD-B107-4B8258CBC034}.Debug|Any CPU.Build.0 = Debug|Any CPU
		{63D18DEB-F0EB-43AD-B107-4B8258CBC034}.Release|Any CPU.ActiveCfg = Release|Any CPU
		{63D18DEB-F0EB-43AD-B107-4B8258CBC034}.Release|Any CPU.Build.0 = Release|Any CPU
	EndGlobalSection
	GlobalSection(SolutionProperties) = preSolution
		HideSolutionNode = FALSE
	EndGlobalSection
	GlobalSection(ExtensibilityGlobals) = postSolution
		SolutionGuid = {951D7B52-89A6-4152-9239-D99F671EC764}
	EndGlobalSection
EndGlobal
